
Microsoft Visual Studio Solution File, Format Version 12.00
# Visual Studio Version 16
VisualStudioVersion = 16.0.31424.327
MinimumVisualStudioVersion = 10.0.40219.1
Project("{9A19103F-16F7-4668-BE54-9A1E7A4F7556}") = "DocumentConverter.Cli", "DocumentConverter.Cli\DocumentConverter.Cli.csproj", "{7CBFCF49-F5C8-4EF2-BAF3-130EAADE2106}"
EndProject
Project("{9A19103F-16F7-4668-BE54-9A1E7A4F7556}") = "DocumentConverter.BusinessLogic", "DocumentConverter.BusinessLogic\DocumentConverter.BusinessLogic.csproj", "{C4275808-F4A5-4A4E-84F0-AEE6414E5880}"
EndProject
Project("{9A19103F-16F7-4668-BE54-9A1E7A4F7556}") = "DocumentConverter.Models", "DocumentConverter.Models\DocumentConverter.Models.csproj", "{BEEC4DB2-E63F-4289-A5F2-C429977D722A}"
EndProject
Project("{FAE04EC0-301F-11D3-BF4B-00C04F79EFBC}") = "DocumentConverter.Contracts", "DocumentConverter.Contracts\DocumentConverter.Contracts.csproj", "{154C4FB4-42CA-49E6-8664-5ADF4F8A3C34}"
EndProject
Project("{FAE04EC0-301F-11D3-BF4B-00C04F79EFBC}") = "DocumentConverter.Tests", "DocumentConverter.Tests\DocumentConverter.Tests.csproj", "{1F03F1E1-9A1F-4780-ACA7-84AFBB723E06}"
EndProject
Project("{FAE04EC0-301F-11D3-BF4B-00C04F79EFBC}") = "DocumentConverter.EF.Core", "DocumentConverter.EF.Core\DocumentConverter.EF.Core.csproj", "{A5FE1067-F033-4210-807E-EF95DA866FE1}"
EndProject
Global
	GlobalSection(SolutionConfigurationPlatforms) = preSolution
		Debug|Any CPU = Debug|Any CPU
		Release|Any CPU = Release|Any CPU
	EndGlobalSection
	GlobalSection(ProjectConfigurationPlatforms) = postSolution
		{7CBFCF49-F5C8-4EF2-BAF3-130EAADE2106}.Debug|Any CPU.ActiveCfg = Debug|Any CPU
		{7CBFCF49-F5C8-4EF2-BAF3-130EAADE2106}.Debug|Any CPU.Build.0 = Debug|Any CPU
		{7CBFCF49-F5C8-4EF2-BAF3-130EAADE2106}.Release|Any CPU.ActiveCfg = Release|Any CPU
		{7CBFCF49-F5C8-4EF2-BAF3-130EAADE2106}.Release|Any CPU.Build.0 = Release|Any CPU
		{C4275808-F4A5-4A4E-84F0-AEE6414E5880}.Debug|Any CPU.ActiveCfg = Debug|Any CPU
		{C4275808-F4A5-4A4E-84F0-AEE6414E5880}.Debug|Any CPU.Build.0 = Debug|Any CPU
		{C4275808-F4A5-4A4E-84F0-AEE6414E5880}.Release|Any CPU.ActiveCfg = Release|Any CPU
		{C4275808-F4A5-4A4E-84F0-AEE6414E5880}.Release|Any CPU.Build.0 = Release|Any CPU
		{BEEC4DB2-E63F-4289-A5F2-C429977D722A}.Debug|Any CPU.ActiveCfg = Debug|Any CPU
		{BEEC4DB2-E63F-4289-A5F2-C429977D722A}.Debug|Any CPU.Build.0 = Debug|Any CPU
		{BEEC4DB2-E63F-4289-A5F2-C429977D722A}.Release|Any CPU.ActiveCfg = Release|Any CPU
		{BEEC4DB2-E63F-4289-A5F2-C429977D722A}.Release|Any CPU.Build.0 = Release|Any CPU
		{154C4FB4-42CA-49E6-8664-5ADF4F8A3C34}.Debug|Any CPU.ActiveCfg = Debug|Any CPU
		{154C4FB4-42CA-49E6-8664-5ADF4F8A3C34}.Debug|Any CPU.Build.0 = Debug|Any CPU
		{154C4FB4-42CA-49E6-8664-5ADF4F8A3C34}.Release|Any CPU.ActiveCfg = Release|Any CPU
		{154C4FB4-42CA-49E6-8664-5ADF4F8A3C34}.Release|Any CPU.Build.0 = Release|Any CPU
		{1F03F1E1-9A1F-4780-ACA7-84AFBB723E06}.Debug|Any CPU.ActiveCfg = Debug|Any CPU
		{1F03F1E1-9A1F-4780-ACA7-84AFBB723E06}.Debug|Any CPU.Build.0 = Debug|Any CPU
		{1F03F1E1-9A1F-4780-ACA7-84AFBB723E06}.Release|Any CPU.ActiveCfg = Release|Any CPU
		{1F03F1E1-9A1F-4780-ACA7-84AFBB723E06}.Release|Any CPU.Build.0 = Release|Any CPU
		{A5FE1067-F033-4210-807E-EF95DA866FE1}.Debug|Any CPU.ActiveCfg = Debug|Any CPU
		{A5FE1067-F033-4210-807E-EF95DA866FE1}.Debug|Any CPU.Build.0 = Debug|Any CPU
		{A5FE1067-F033-4210-807E-EF95DA866FE1}.Release|Any CPU.ActiveCfg = Release|Any CPU
		{A5FE1067-F033-4210-807E-EF95DA866FE1}.Release|Any CPU.Build.0 = Release|Any CPU
	EndGlobalSection
	GlobalSection(SolutionProperties) = preSolution
		HideSolutionNode = FALSE
	EndGlobalSection
	GlobalSection(ExtensibilityGlobals) = postSolution
		SolutionGuid = {D586295D-2570-4E6E-92DD-248EAA6D5408}
	EndGlobalSection
EndGlobal
